
Microsoft Visual Studio Solution File, Format Version 12.00
# Visual Studio Version 17
VisualStudioVersion = 17.4.33205.214
MinimumVisualStudioVersion = 10.0.40219.1
Project("{FAE04EC0-301F-11D3-BF4B-00C04F79EFBC}") = "WinFormsAppCatalogo", "WinFormsAppCatalogo\WinFormsAppCatalogo.csproj", "{E38E46FB-D6B2-4141-BA22-224C665DA8A7}"
EndProject
Project("{FAE04EC0-301F-11D3-BF4B-00C04F79EFBC}") = "dominio", "dominio\dominio.csproj", "{960983A3-AF13-4182-ABEF-A385B3247675}"
EndProject
Project("{FAE04EC0-301F-11D3-BF4B-00C04F79EFBC}") = "negocio", "negocio\negocio.csproj", "{389EE1A9-B49B-47B5-8AD4-9F2A8D4B7ADF}"
EndProject
Project("{FAE04EC0-301F-11D3-BF4B-00C04F79EFBC}") = "utilidades", "utilidades\utilidades.csproj", "{8FE6B7F7-5A72-4057-BA09-679222E73C94}"
EndProject
Global
	GlobalSection(SolutionConfigurationPlatforms) = preSolution
		Debug|Any CPU = Debug|Any CPU
		Release|Any CPU = Release|Any CPU
	EndGlobalSection
	GlobalSection(ProjectConfigurationPlatforms) = postSolution
		{E38E46FB-D6B2-4141-BA22-224C665DA8A7}.Debug|Any CPU.ActiveCfg = Debug|Any CPU
		{E38E46FB-D6B2-4141-BA22-224C665DA8A7}.Debug|Any CPU.Build.0 = Debug|Any CPU
		{E38E46FB-D6B2-4141-BA22-224C665DA8A7}.Release|Any CPU.ActiveCfg = Release|Any CPU
		{E38E46FB-D6B2-4141-BA22-224C665DA8A7}.Release|Any CPU.Build.0 = Release|Any CPU
		{960983A3-AF13-4182-ABEF-A385B3247675}.Debug|Any CPU.ActiveCfg = Debug|Any CPU
		{960983A3-AF13-4182-ABEF-A385B3247675}.Debug|Any CPU.Build.0 = Debug|Any CPU
		{960983A3-AF13-4182-ABEF-A385B3247675}.Release|Any CPU.ActiveCfg = Release|Any CPU
		{960983A3-AF13-4182-ABEF-A385B3247675}.Release|Any CPU.Build.0 = Release|Any CPU
		{389EE1A9-B49B-47B5-8AD4-9F2A8D4B7ADF}.Debug|Any CPU.ActiveCfg = Debug|Any CPU
		{389EE1A9-B49B-47B5-8AD4-9F2A8D4B7ADF}.Debug|Any CPU.Build.0 = Debug|Any CPU
		{389EE1A9-B49B-47B5-8AD4-9F2A8D4B7ADF}.Release|Any CPU.ActiveCfg = Release|Any CPU
		{389EE1A9-B49B-47B5-8AD4-9F2A8D4B7ADF}.Release|Any CPU.Build.0 = Release|Any CPU
		{8FE6B7F7-5A72-4057-BA09-679222E73C94}.Debug|Any CPU.ActiveCfg = Debug|Any CPU
		{8FE6B7F7-5A72-4057-BA09-679222E73C94}.Debug|Any CPU.Build.0 = Debug|Any CPU
		{8FE6B7F7-5A72-4057-BA09-679222E73C94}.Release|Any CPU.ActiveCfg = Release|Any CPU
		{8FE6B7F7-5A72-4057-BA09-679222E73C94}.Release|Any CPU.Build.0 = Release|Any CPU
	EndGlobalSection
	GlobalSection(SolutionProperties) = preSolution
		HideSolutionNode = FALSE
	EndGlobalSection
	GlobalSection(ExtensibilityGlobals) = postSolution
		SolutionGuid = {1EEE0927-6C94-4676-8E60-086C65D65513}
	EndGlobalSection
EndGlobal
